
Microsoft Visual Studio Solution File, Format Version 12.00
# Visual Studio Version 16
VisualStudioVersion = 16.0.31911.196
MinimumVisualStudioVersion = 10.0.40219.1
Project("{FAE04EC0-301F-11D3-BF4B-00C04F79EFBC}") = "ZgradaApp", "ZgradaApp\ZgradaApp.csproj", "{B409FE38-F8B4-409C-9725-EE7B9AF3AF6D}"
EndProject
Global
	GlobalSection(SolutionConfigurationPlatforms) = preSolution
		Debug|Any CPU = Debug|Any CPU
		Release|Any CPU = Release|Any CPU
	EndGlobalSection
	GlobalSection(ProjectConfigurationPlatforms) = postSolution
		{B409FE38-F8B4-409C-9725-EE7B9AF3AF6D}.Debug|Any CPU.ActiveCfg = Debug|Any CPU
		{B409FE38-F8B4-409C-9725-EE7B9AF3AF6D}.Debug|Any CPU.Build.0 = Debug|Any CPU
		{B409FE38-F8B4-409C-9725-EE7B9AF3AF6D}.Release|Any CPU.ActiveCfg = Release|Any CPU
		{B409FE38-F8B4-409C-9725-EE7B9AF3AF6D}.Release|Any CPU.Build.0 = Release|Any CPU
	EndGlobalSection
	GlobalSection(SolutionProperties) = preSolution
		HideSolutionNode = FALSE
	EndGlobalSection
	GlobalSection(ExtensibilityGlobals) = postSolution
		SolutionGuid = {E6F59550-586D-4ECC-ABDA-D228A56C2118}
	EndGlobalSection
EndGlobal
