
Microsoft Visual Studio Solution File, Format Version 12.00
# Visual Studio Version 16
VisualStudioVersion = 16.0.31321.278
MinimumVisualStudioVersion = 10.0.40219.1
Project("{FAE04EC0-301F-11D3-BF4B-00C04F79EFBC}") = "ZgradaApp", "ZgradaApp\ZgradaApp.csproj", "{1884D4B1-8E85-456E-BE67-5E845E152086}"
EndProject
Global
	GlobalSection(SolutionConfigurationPlatforms) = preSolution
		Debug|Any CPU = Debug|Any CPU
		Release|Any CPU = Release|Any CPU
	EndGlobalSection
	GlobalSection(ProjectConfigurationPlatforms) = postSolution
		{1884D4B1-8E85-456E-BE67-5E845E152086}.Debug|Any CPU.ActiveCfg = Debug|Any CPU
		{1884D4B1-8E85-456E-BE67-5E845E152086}.Debug|Any CPU.Build.0 = Debug|Any CPU
		{1884D4B1-8E85-456E-BE67-5E845E152086}.Release|Any CPU.ActiveCfg = Release|Any CPU
		{1884D4B1-8E85-456E-BE67-5E845E152086}.Release|Any CPU.Build.0 = Release|Any CPU
	EndGlobalSection
	GlobalSection(SolutionProperties) = preSolution
		HideSolutionNode = FALSE
	EndGlobalSection
	GlobalSection(ExtensibilityGlobals) = postSolution
		SolutionGuid = {EEDE4A09-22CC-49A1-B4CB-5355E2849020}
	EndGlobalSection
EndGlobal
